PODS:
  - Alamofire (4.2.0)
  - SDWebImage (3.8.2):
    - SDWebImage/Core (= 3.8.2)
  - SDWebImage/Core (3.8.2)
  - Toucan (0.6.0)

DEPENDENCIES:
  - Alamofire (~> 4.0)
  - SDWebImage (~> 3.8)
  - Toucan (~> 0.6)

SPEC CHECKSUMS:
  Alamofire: aa2e09d871c9160ac53c90e83c68064a94e3dfbe
  SDWebImage: 098e97e6176540799c27e804c96653ee0833d13c
  Toucan: 47485bbc9cb4541ef6318d6886103e6eaf16e919

PODFILE CHECKSUM: 6e744928e509390e5a49a73c2d47b400752e053e

COCOAPODS: 1.1.1
